
Microsoft Visual Studio Solution File, Format Version 12.00
# Visual Studio 14
VisualStudioVersion = 14.0.25123.0
MinimumVisualStudioVersion = 10.0.40219.1
Project("{888888A0-9F3D-457C-B088-3A5042F75D52}") = "Minecraft Control Center", "Minecraft Control Center\Minecraft Control Center.pyproj", "{28F2B139-8A86-4C30-8825-A7D614F53D73}"
EndProject
Global
	GlobalSection(SolutionConfigurationPlatforms) = preSolution
		Debug|Any CPU = Debug|Any CPU
		Release|Any CPU = Release|Any CPU
	EndGlobalSection
	GlobalSection(ProjectConfigurationPlatforms) = postSolution
		{28F2B139-8A86-4C30-8825-A7D614F53D73}.Debug|Any CPU.ActiveCfg = Debug|Any CPU
		{28F2B139-8A86-4C30-8825-A7D614F53D73}.Debug|Any CPU.Build.0 = Debug|Any CPU
		{28F2B139-8A86-4C30-8825-A7D614F53D73}.Release|Any CPU.ActiveCfg = Release|Any CPU
		{28F2B139-8A86-4C30-8825-A7D614F53D73}.Release|Any CPU.Build.0 = Release|Any CPU
	EndGlobalSection
	GlobalSection(SolutionProperties) = preSolution
		HideSolutionNode = FALSE
	EndGlobalSection
EndGlobal
